// !$*UTF8*$!
{
	archiveVersion = 1;
	classes = {
	};
	objectVersion = 48;
	objects = {

/* Begin PBXBuildFile section */
		E60454F61F96898D00D95136 /* AppDelegate.m in Sources */ = {isa = PBXBuildFile; fileRef = E60454F51F96898D00D95136 /* AppDelegate.m */; };
		E60454F91F96898D00D95136 /* MasterViewController.m in Sources */ = {isa = PBXBuildFile; fileRef = E60454F81F96898D00D95136 /* MasterViewController.m */; };
		E60454FC1F96898D00D95136 /* DetailViewController.m in Sources */ = {isa = PBXBuildFile; fileRef = E60454FB1F96898D00D95136 /* DetailViewController.m */; };
		E60454FF1F96898D00D95136 /* Main.storyboard in Resources */ = {isa = PBXBuildFile; fileRef = E60454FD1F96898D00D95136 /* Main.storyboard */; };
		E60455011F96898D00D95136 /* Assets.xcassets in Resources */ = {isa = PBXBuildFile; fileRef = E60455001F96898D00D95136 /* Assets.xcassets */; };
		E60455041F96898D00D95136 /* LaunchScreen.storyboard in Resources */ = {isa = PBXBuildFile; fileRef = E60455021F96898D00D95136 /* LaunchScreen.storyboard */; };
		E60455071F96898D00D95136 /* main.m in Sources */ = {isa = PBXBuildFile; fileRef = E60455061F96898D00D95136 /* main.m */; };
		E60455111F96898D00D95136 /* Every_DoTests.m in Sources */ = {isa = PBXBuildFile; fileRef = E60455101F96898D00D95136 /* Every_DoTests.m */; };
		E604551C1F96898D00D95136 /* Every_DoUITests.m in Sources */ = {isa = PBXBuildFile; fileRef = E604551B1F96898D00D95136 /* Every_DoUITests.m */; };
		E604552B1F9689AF00D95136 /* Todo.m in Sources */ = {isa = PBXBuildFile; fileRef = E604552A1F9689AF00D95136 /* Todo.m */; };
		E604552E1F96A0D400D95136 /* CustomCellTableViewCell.m in Sources */ = {isa = PBXBuildFile; fileRef = E604552D1F96A0D400D95136 /* CustomCellTableViewCell.m */; };
/* End PBXBuildFile section */

/* Begin PBXContainerItemProxy section */
		E604550D1F96898D00D95136 /* PBXContainerItemProxy */ = {
			isa = PBXContainerItemProxy;
			containerPortal = E60454E91F96898D00D95136 /* Project object */;
			proxyType = 1;
			remoteGlobalIDString = E60454F01F96898D00D95136;
			remoteInfo = Every.Do;
		};
		E60455181F96898D00D95136 /* PBXContainerItemProxy */ = {
			isa = PBXContainerItemProxy;
			containerPortal = E60454E91F96898D00D95136 /* Project object */;
			proxyType = 1;
			remoteGlobalIDString = E60454F01F96898D00D95136;
			remoteInfo = Every.Do;
		};
/* End PBXContainerItemProxy section */

/* Begin PBXFileReference section */
		E60454F11F96898D00D95136 /* Every.Do.app */ = {isa = PBXFileReference; explicitFileType = wrapper.application; includeInIndex = 0; path = Every.Do.app; sourceTree = BUILT_PRODUCTS_DIR; };
		E60454F41F96898D00D95136 /* AppDelegate.h */ = {isa = PBXFileReference; lastKnownFileType = sourcecode.c.h; path = AppDelegate.h; sourceTree = "<group>"; };
		E60454F51F96898D00D95136 /* AppDelegate.m */ = {isa = PBXFileReference; lastKnownFileType = sourcecode.c.objc; path = AppDelegate.m; sourceTree = "<group>"; };
		E60454F71F96898D00D95136 /* MasterViewController.h */ = {isa = PBXFileReference; lastKnownFileType = sourcecode.c.h; path = MasterViewController.h; sourceTree = "<group>"; };
		E60454F81F96898D00D95136 /* MasterViewController.m */ = {isa = PBXFileReference; lastKnownFileType = sourcecode.c.objc; path = MasterViewController.m; sourceTree = "<group>"; };
		E60454FA1F96898D00D95136 /* DetailViewController.h */ = {isa = PBXFileReference; lastKnownFileType = sourcecode.c.h; path = DetailViewController.h; sourceTree = "<group>"; };
		E60454FB1F96898D00D95136 /* DetailViewController.m */ = {isa = PBXFileReference; lastKnownFileType = sourcecode.c.objc; path = DetailViewController.m; sourceTree = "<group>"; };
		E60454FE1F96898D00D95136 /* Base */ = {isa = PBXFileReference; lastKnownFileType = file.storyboard; name = Base; path = Base.lproj/Main.storyboard; sourceTree = "<group>"; };
		E60455001F96898D00D95136 /* Assets.xcassets */ = {isa = PBXFileReference; lastKnownFileType = folder.assetcatalog; path = Assets.xcassets; sourceTree = "<group>"; };
		E60455031F96898D00D95136 /* Base */ = {isa = PBXFileReference; lastKnownFileType = file.storyboard; name = Base; path = Base.lproj/LaunchScreen.storyboard; sourceTree = "<group>"; };
		E60455051F96898D00D95136 /* Info.plist */ = {isa = PBXFileReference; lastKnownFileType = text.plist.xml; path = Info.plist; sourceTree = "<group>"; };
		E60455061F96898D00D95136 /* main.m */ = {isa = PBXFileReference; lastKnownFileType = sourcecode.c.objc; path = main.m; sourceTree = "<group>"; };
		E604550C1F96898D00D95136 /* Every.DoTests.xctest */ = {isa = PBXFileReference; explicitFileType = wrapper.cfbundle; includeInIndex = 0; path = Every.DoTests.xctest; sourceTree = BUILT_PRODUCTS_DIR; };
		E60455101F96898D00D95136 /* Every_DoTests.m */ = {isa = PBXFileReference; lastKnownFileType = sourcecode.c.objc; path = Every_DoTests.m; sourceTree = "<group>"; };
		E60455121F96898D00D95136 /* Info.plist */ = {isa = PBXFileReference; lastKnownFileType = text.plist.xml; path = Info.plist; sourceTree = "<group>"; };
		E60455171F96898D00D95136 /* Every.DoUITests.xctest */ = {isa = PBXFileReference; explicitFileType = wrapper.cfbundle; includeInIndex = 0; path = Every.DoUITests.xctest; sourceTree = BUILT_PRODUCTS_DIR; };
		E604551B1F96898D00D95136 /* Every_DoUITests.m */ = {isa = PBXFileReference; lastKnownFileType = sourcecode.c.objc; path = Every_DoUITests.m; sourceTree = "<group>"; };
		E604551D1F96898D00D95136 /* Info.plist */ = {isa = PBXFileReference; lastKnownFileType = text.plist.xml; path = Info.plist; sourceTree = "<group>"; };
		E60455291F9689AF00D95136 /* Todo.h */ = {isa = PBXFileReference; lastKnownFileType = sourcecode.c.h; path = Todo.h; sourceTree = "<group>"; };
		E604552A1F9689AF00D95136 /* Todo.m */ = {isa = PBXFileReference; lastKnownFileType = sourcecode.c.objc; path = Todo.m; sourceTree = "<group>"; };
		E604552C1F96A0D400D95136 /* CustomCellTableViewCell.h */ = {isa = PBXFileReference; lastKnownFileType = sourcecode.c.h; path = CustomCellTableViewCell.h; sourceTree = "<group>"; };
		E604552D1F96A0D400D95136 /* CustomCellTableViewCell.m */ = {isa = PBXFileReference; lastKnownFileType = sourcecode.c.objc; path = CustomCellTableViewCell.m; sourceTree = "<group>"; };
/* End PBXFileReference section */

/* Begin PBXFrameworksBuildPhase section */
		E60454EE1F96898D00D95136 /* Frameworks */ = {
			isa = PBXFrameworksBuildPhase;
			buildActionMask = 2147483647;
			files = (
			);
			runOnlyForDeploymentPostprocessing = 0;
		};
		E60455091F96898D00D95136 /* Frameworks */ = {
			isa = PBXFrameworksBuildPhase;
			buildActionMask = 2147483647;
			files = (
			);
			runOnlyForDeploymentPostprocessing = 0;
		};
		E60455141F96898D00D95136 /* Frameworks */ = {
			isa = PBXFrameworksBuildPhase;
			buildActionMask = 2147483647;
			files = (
			);
			runOnlyForDeploymentPostprocessing = 0;
		};
/* End PBXFrameworksBuildPhase section */

/* Begin PBXGroup section */
		E60454E81F96898D00D95136 = {
			isa = PBXGroup;
			children = (
				E60454F31F96898D00D95136 /* Every.Do */,
				E604550F1F96898D00D95136 /* Every.DoTests */,
				E604551A1F96898D00D95136 /* Every.DoUITests */,
				E60454F21F96898D00D95136 /* Products */,
			);
			sourceTree = "<group>";
		};
		E60454F21F96898D00D95136 /* Products */ = {
			isa = PBXGroup;
			children = (
				E60454F11F96898D00D95136 /* Every.Do.app */,
				E604550C1F96898D00D95136 /* Every.DoTests.xctest */,
				E60455171F96898D00D95136 /* Every.DoUITests.xctest */,
			);
			name = Products;
			sourceTree = "<group>";
		};
		E60454F31F96898D00D95136 /* Every.Do */ = {
			isa = PBXGroup;
			children = (
				E60454F41F96898D00D95136 /* AppDelegate.h */,
				E60454F51F96898D00D95136 /* AppDelegate.m */,
				E60454F71F96898D00D95136 /* MasterViewController.h */,
				E60454F81F96898D00D95136 /* MasterViewController.m */,
				E604552C1F96A0D400D95136 /* CustomCellTableViewCell.h */,
				E604552D1F96A0D400D95136 /* CustomCellTableViewCell.m */,
				E60455291F9689AF00D95136 /* Todo.h */,
				E604552A1F9689AF00D95136 /* Todo.m */,
				E60454FA1F96898D00D95136 /* DetailViewController.h */,
				E60454FB1F96898D00D95136 /* DetailViewController.m */,
				E60454FD1F96898D00D95136 /* Main.storyboard */,
				E60455001F96898D00D95136 /* Assets.xcassets */,
				E60455021F96898D00D95136 /* LaunchScreen.storyboard */,
				E60455051F96898D00D95136 /* Info.plist */,
				E60455061F96898D00D95136 /* main.m */,
			);
			path = Every.Do;
			sourceTree = "<group>";
		};
		E604550F1F96898D00D95136 /* Every.DoTests */ = {
			isa = PBXGroup;
			children = (
				E60455101F96898D00D95136 /* Every_DoTests.m */,
				E60455121F96898D00D95136 /* Info.plist */,
			);
			path = Every.DoTests;
			sourceTree = "<group>";
		};
		E604551A1F96898D00D95136 /* Every.DoUITests */ = {
			isa = PBXGroup;
			children = (
				E604551B1F96898D00D95136 /* Every_DoUITests.m */,
				E604551D1F96898D00D95136 /* Info.plist */,
			);
			path = Every.DoUITests;
			sourceTree = "<group>";
		};
/* End PBXGroup section */

/* Begin PBXNativeTarget section */
		E60454F01F96898D00D95136 /* Every.Do */ = {
			isa = PBXNativeTarget;
			buildConfigurationList = E60455201F96898D00D95136 /* Build configuration list for PBXNativeTarget "Every.Do" */;
			buildPhases = (
				E60454ED1F96898D00D95136 /* Sources */,
				E60454EE1F96898D00D95136 /* Frameworks */,
				E60454EF1F96898D00D95136 /* Resources */,
			);
			buildRules = (
			);
			dependencies = (
			);
			name = Every.Do;
			productName = Every.Do;
			productReference = E60454F11F96898D00D95136 /* Every.Do.app */;
			productType = "com.apple.product-type.application";
		};
		E604550B1F96898D00D95136 /* Every.DoTests */ = {
			isa = PBXNativeTarget;
			buildConfigurationList = E60455231F96898D00D95136 /* Build configuration list for PBXNativeTarget "Every.DoTests" */;
			buildPhases = (
				E60455081F96898D00D95136 /* Sources */,
				E60455091F96898D00D95136 /* Frameworks */,
				E604550A1F96898D00D95136 /* Resources */,
			);
			buildRules = (
			);
			dependencies = (
				E604550E1F96898D00D95136 /* PBXTargetDependency */,
			);
			name = Every.DoTests;
			productName = Every.DoTests;
			productReference = E604550C1F96898D00D95136 /* Every.DoTests.xctest */;
			productType = "com.apple.product-type.bundle.unit-test";
		};
		E60455161F96898D00D95136 /* Every.DoUITests */ = {
			isa = PBXNativeTarget;
			buildConfigurationList = E60455261F96898D00D95136 /* Build configuration list for PBXNativeTarget "Every.DoUITests" */;
			buildPhases = (
				E60455131F96898D00D95136 /* Sources */,
				E60455141F96898D00D95136 /* Frameworks */,
				E60455151F96898D00D95136 /* Resources */,
			);
			buildRules = (
			);
			dependencies = (
				E60455191F96898D00D95136 /* PBXTargetDependency */,
			);
			name = Every.DoUITests;
			productName = Every.DoUITests;
			productReference = E60455171F96898D00D95136 /* Every.DoUITests.xctest */;
			productType = "com.apple.product-type.bundle.ui-testing";
		};
/* End PBXNativeTarget section */

/* Begin PBXProject section */
		E60454E91F96898D00D95136 /* Project object */ = {
			isa = PBXProject;
			attributes = {
				LastUpgradeCheck = 0900;
				ORGANIZATIONNAME = "Carlo Namoca";
				TargetAttributes = {
					E60454F01F96898D00D95136 = {
						CreatedOnToolsVersion = 9.0;
						ProvisioningStyle = Automatic;
					};
					E604550B1F96898D00D95136 = {
						CreatedOnToolsVersion = 9.0;
						ProvisioningStyle = Automatic;
						TestTargetID = E60454F01F96898D00D95136;
					};
					E60455161F96898D00D95136 = {
						CreatedOnToolsVersion = 9.0;
						ProvisioningStyle = Automatic;
						TestTargetID = E60454F01F96898D00D95136;
					};
				};
			};
			buildConfigurationList = E60454EC1F96898D00D95136 /* Build configuration list for PBXProject "Every.Do" */;
			compatibilityVersion = "Xcode 8.0";
			developmentRegion = en;
			hasScannedForEncodings = 0;
			knownRegions = (
				en,
				Base,
			);
			mainGroup = E60454E81F96898D00D95136;
			productRefGroup = E60454F21F96898D00D95136 /* Products */;
			projectDirPath = "";
			projectRoot = "";
			targets = (
				E60454F01F96898D00D95136 /* Every.Do */,
				E604550B1F96898D00D95136 /* Every.DoTests */,
				E60455161F96898D00D95136 /* Every.DoUITests */,
			);
		};
/* End PBXProject section */

/* Begin PBXResourcesBuildPhase section */
		E60454EF1F96898D00D95136 /* Resources */ = {
			isa = PBXResourcesBuildPhase;
			buildActionMask = 2147483647;
			files = (
				E60455041F96898D00D95136 /* LaunchScreen.storyboard in Resources */,
				E60455011F96898D00D95136 /* Assets.xcassets in Resources */,
				E60454FF1F96898D00D95136 /* Main.storyboard in Resources */,
			);
			runOnlyForDeploymentPostprocessing = 0;
		};
		E604550A1F96898D00D95136 /* Resources */ = {
			isa = PBXResourcesBuildPhase;
			buildActionMask = 2147483647;
			files = (
			);
			runOnlyForDeploymentPostprocessing = 0;
		};
		E60455151F96898D00D95136 /* Resources */ = {
			isa = PBXResourcesBuildPhase;
			buildActionMask = 2147483647;
			files = (
			);
			runOnlyForDeploymentPostprocessing = 0;
		};
/* End PBXResourcesBuildPhase section */

/* Begin PBXSourcesBuildPhase section */
		E60454ED1F96898D00D95136 /* Sources */ = {
			isa = PBXSourcesBuildPhase;
			buildActionMask = 2147483647;
			files = (
				E604552B1F9689AF00D95136 /* Todo.m in Sources */,
				E60454F91F96898D00D95136 /* MasterViewController.m in Sources */,
				E604552E1F96A0D400D95136 /* CustomCellTableViewCell.m in Sources */,
				E60454F61F96898D00D95136 /* AppDelegate.m in Sources */,
				E60455071F96898D00D95136 /* main.m in Sources */,
				E60454FC1F96898D00D95136 /* DetailViewController.m in Sources */,
			);
			runOnlyForDeploymentPostprocessing = 0;
		};
		E60455081F96898D00D95136 /* Sources */ = {
			isa = PBXSourcesBuildPhase;
			buildActionMask = 2147483647;
			files = (
				E60455111F96898D00D95136 /* Every_DoTests.m in Sources */,
			);
			runOnlyForDeploymentPostprocessing = 0;
		};
		E60455131F96898D00D95136 /* Sources */ = {
			isa = PBXSourcesBuildPhase;
			buildActionMask = 2147483647;
			files = (
				E604551C1F96898D00D95136 /* Every_DoUITests.m in Sources */,
			);
			runOnlyForDeploymentPostprocessing = 0;
		};
/* End PBXSourcesBuildPhase section */

/* Begin PBXTargetDependency section */
		E604550E1F96898D00D95136 /* PBXTargetDependency */ = {
			isa = PBXTargetDependency;
			target = E60454F01F96898D00D95136 /* Every.Do */;
			targetProxy = E604550D1F96898D00D95136 /* PBXContainerItemProxy */;
		};
		E60455191F96898D00D95136 /* PBXTargetDependency */ = {
			isa = PBXTargetDependency;
			target = E60454F01F96898D00D95136 /* Every.Do */;
			targetProxy = E60455181F96898D00D95136 /* PBXContainerItemProxy */;
		};
/* End PBXTargetDependency section */

/* Begin PBXVariantGroup section */
		E60454FD1F96898D00D95136 /* Main.storyboard */ = {
			isa = PBXVariantGroup;
			children = (
				E60454FE1F96898D00D95136 /* Base */,
			);
			name = Main.storyboard;
			sourceTree = "<group>";
		};
		E60455021F96898D00D95136 /* LaunchScreen.storyboard */ = {
			isa = PBXVariantGroup;
			children = (
				E60455031F96898D00D95136 /* Base */,
			);
			name = LaunchScreen.storyboard;
			sourceTree = "<group>";
		};
/* End PBXVariantGroup section */

/* Begin XCBuildConfiguration section */
		E604551E1F96898D00D95136 /* Debug */ = {
			isa = XCBuildConfiguration;
			buildSettings = {
				ALWAYS_SEARCH_USER_PATHS = NO;
				CLANG_ANALYZER_NONNULL = YES;
				CLANG_ANALYZER_NUMBER_OBJECT_CONVERSION = YES_AGGRESSIVE;
				CLANG_CXX_LANGUAGE_STANDARD = "gnu++14";
				CLANG_CXX_LIBRARY = "libc++";
				CLANG_ENABLE_MODULES = YES;
				CLANG_ENABLE_OBJC_ARC = YES;
				CLANG_WARN_BLOCK_CAPTURE_AUTORELEASING = YES;
				CLANG_WARN_BOOL_CONVERSION = YES;
				CLANG_WARN_COMMA = YES;
				CLANG_WARN_CONSTANT_CONVERSION = YES;
				CLANG_WARN_DIRECT_OBJC_ISA_USAGE = YES_ERROR;
				CLANG_WARN_DOCUMENTATION_COMMENTS = YES;
				CLANG_WARN_EMPTY_BODY = YES;
				CLANG_WARN_ENUM_CONVERSION = YES;
				CLANG_WARN_INFINITE_RECURSION = YES;
				CLANG_WARN_INT_CONVERSION = YES;
				CLANG_WARN_NON_LITERAL_NULL_CONVERSION = YES;
				CLANG_WARN_OBJC_LITERAL_CONVERSION = YES;
				CLANG_WARN_OBJC_ROOT_CLASS = YES_ERROR;
				CLANG_WARN_RANGE_LOOP_ANALYSIS = YES;
				CLANG_WARN_STRICT_PROTOTYPES = YES;
				CLANG_WARN_SUSPICIOUS_MOVE = YES;
				CLANG_WARN_UNGUARDED_AVAILABILITY = YES_AGGRESSIVE;
				CLANG_WARN_UNREACHABLE_CODE = YES;
				CLANG_WARN__DUPLICATE_METHOD_MATCH = YES;
				CODE_SIGN_IDENTITY = "iPhone Developer";
				COPY_PHASE_STRIP = NO;
				DEBUG_INFORMATION_FORMAT = dwarf;
				ENABLE_STRICT_OBJC_MSGSEND = YES;
				ENABLE_TESTABILITY = YES;
				GCC_C_LANGUAGE_STANDARD = gnu11;
				GCC_DYNAMIC_NO_PIC = NO;
				GCC_NO_COMMON_BLOCKS = YES;
				GCC_OPTIMIZATION_LEVEL = 0;
				GCC_PREPROCESSOR_DEFINITIONS = (
					"DEBUG=1",
					"$(inherited)",
				);
				GCC_WARN_64_TO_32_BIT_CONVERSION = YES;
				GCC_WARN_ABOUT_RETURN_TYPE = YES_ERROR;
				GCC_WARN_UNDECLARED_SELECTOR = YES;
				GCC_WARN_UNINITIALIZED_AUTOS = YES_AGGRESSIVE;
				GCC_WARN_UNUSED_FUNCTION = YES;
				GCC_WARN_UNUSED_VARIABLE = YES;
				IPHONEOS_DEPLOYMENT_TARGET = 11.0;
				MTL_ENABLE_DEBUG_INFO = YES;
				ONLY_ACTIVE_ARCH = YES;
				SDKROOT = iphoneos;
			};
			name = Debug;
		};
		E604551F1F96898D00D95136 /* Release */ = {
			isa = XCBuildConfiguration;
			buildSettings = {
				ALWAYS_SEARCH_USER_PATHS = NO;
				CLANG_ANALYZER_NONNULL = YES;
				CLANG_ANALYZER_NUMBER_OBJECT_CONVERSION = YES_AGGRESSIVE;
				CLANG_CXX_LANGUAGE_STANDARD = "gnu++14";
				CLANG_CXX_LIBRARY = "libc++";
				CLANG_ENABLE_MODULES = YES;
				CLANG_ENABLE_OBJC_ARC = YES;
				CLANG_WARN_BLOCK_CAPTURE_AUTORELEASING = YES;
				CLANG_WARN_BOOL_CONVERSION = YES;
				CLANG_WARN_COMMA = YES;
				CLANG_WARN_CONSTANT_CONVERSION = YES;
				CLANG_WARN_DIRECT_OBJC_ISA_USAGE = YES_ERROR;
				CLANG_WARN_DOCUMENTATION_COMMENTS = YES;
				CLANG_WARN_EMPTY_BODY = YES;
				CLANG_WARN_ENUM_CONVERSION = YES;
				CLANG_WARN_INFINITE_RECURSION = YES;
				CLANG_WARN_INT_CONVERSION = YES;
				CLANG_WARN_NON_LITERAL_NULL_CONVERSION = YES;
				CLANG_WARN_OBJC_LITERAL_CONVERSION = YES;
				CLANG_WARN_OBJC_ROOT_CLASS = YES_ERROR;
				CLANG_WARN_RANGE_LOOP_ANALYSIS = YES;
				CLANG_WARN_STRICT_PROTOTYPES = YES;
				CLANG_WARN_SUSPICIOUS_MOVE = YES;
				CLANG_WARN_UNGUARDED_AVAILABILITY = YES_AGGRESSIVE;
				CLANG_WARN_UNREACHABLE_CODE = YES;
				CLANG_WARN__DUPLICATE_METHOD_MATCH = YES;
				CODE_SIGN_IDENTITY = "iPhone Developer";
				COPY_PHASE_STRIP = NO;
				DEBUG_INFORMATION_FORMAT = "dwarf-with-dsym";
				ENABLE_NS_ASSERTIONS = NO;
				ENABLE_STRICT_OBJC_MSGSEND = YES;
				GCC_C_LANGUAGE_STANDARD = gnu11;
				GCC_NO_COMMON_BLOCKS = YES;
				GCC_WARN_64_TO_32_BIT_CONVERSION = YES;
				GCC_WARN_ABOUT_RETURN_TYPE = YES_ERROR;
				GCC_WARN_UNDECLARED_SELECTOR = YES;
				GCC_WARN_UNINITIALIZED_AUTOS = YES_AGGRESSIVE;
				GCC_WARN_UNUSED_FUNCTION = YES;
				GCC_WARN_UNUSED_VARIABLE = YES;
				IPHONEOS_DEPLOYMENT_TARGET = 11.0;
				MTL_ENABLE_DEBUG_INFO = NO;
				SDKROOT = iphoneos;
				VALIDATE_PRODUCT = YES;
			};
			name = Release;
		};
		E60455211F96898D00D95136 /* Debug */ = {
			isa = XCBuildConfiguration;
			buildSettings = {
				ASSETCATALOG_COMPILER_APPICON_NAME = AppIcon;
				CODE_SIGN_STYLE = Automatic;
				INFOPLIST_FILE = Every.Do/Info.plist;
				LD_RUNPATH_SEARCH_PATHS = "$(inherited) @executable_path/Frameworks";
				PRODUCT_BUNDLE_IDENTIFIER = "carlonamoca.Every-Do";
				PRODUCT_NAME = "$(TARGET_NAME)";
				TARGETED_DEVICE_FAMILY = "1,2";
			};
			name = Debug;
		};
		E60455221F96898D00D95136 /* Release */ = {
			isa = XCBuildConfiguration;
			buildSettings = {
				ASSETCATALOG_COMPILER_APPICON_NAME = AppIcon;
				CODE_SIGN_STYLE = Automatic;
				INFOPLIST_FILE = Every.Do/Info.plist;
				LD_RUNPATH_SEARCH_PATHS = "$(inherited) @executable_path/Frameworks";
				PRODUCT_BUNDLE_IDENTIFIER = "carlonamoca.Every-Do";
				PRODUCT_NAME = "$(TARGET_NAME)";
				TARGETED_DEVICE_FAMILY = "1,2";
			};
			name = Release;
		};
		E60455241F96898D00D95136 /* Debug */ = {
			isa = XCBuildConfiguration;
			buildSettings = {
				BUNDLE_LOADER = "$(TEST_HOST)";
				CODE_SIGN_STYLE = Automatic;
				INFOPLIST_FILE = Every.DoTests/Info.plist;
				LD_RUNPATH_SEARCH_PATHS = "$(inherited) @executable_path/Frameworks @loader_path/Frameworks";
				PRODUCT_BUNDLE_IDENTIFIER = "carlonamoca.Every-DoTests";
				PRODUCT_NAME = "$(TARGET_NAME)";
				TARGETED_DEVICE_FAMILY = "1,2";
				TEST_HOST = "$(BUILT_PRODUCTS_DIR)/Every.Do.app/Every.Do";
			};
			name = Debug;
		};
		E60455251F96898D00D95136 /* Release */ = {
			isa = XCBuildConfiguration;
			buildSettings = {
				BUNDLE_LOADER = "$(TEST_HOST)";
				CODE_SIGN_STYLE = Automatic;
				INFOPLIST_FILE = Every.DoTests/Info.plist;
				LD_RUNPATH_SEARCH_PATHS = "$(inherited) @executable_path/Frameworks @loader_path/Frameworks";
				PRODUCT_BUNDLE_IDENTIFIER = "carlonamoca.Every-DoTests";
				PRODUCT_NAME = "$(TARGET_NAME)";
				TARGETED_DEVICE_FAMILY = "1,2";
				TEST_HOST = "$(BUILT_PRODUCTS_DIR)/Every.Do.app/Every.Do";
			};
			name = Release;
		};
		E60455271F96898D00D95136 /* Debug */ = {
			isa = XCBuildConfiguration;
			buildSettings = {
				CODE_SIGN_STYLE = Automatic;
				INFOPLIST_FILE = Every.DoUITests/Info.plist;
				LD_RUNPATH_SEARCH_PATHS = "$(inherited) @executable_path/Frameworks @loader_path/Frameworks";
				PRODUCT_BUNDLE_IDENTIFIER = "carlonamoca.Every-DoUITests";
				PRODUCT_NAME = "$(TARGET_NAME)";
				TARGETED_DEVICE_FAMILY = "1,2";
				TEST_TARGET_NAME = Every.Do;
			};
			name = Debug;
		};
		E60455281F96898D00D95136 /* Release */ = {
			isa = XCBuildConfiguration;
			buildSettings = {
				CODE_SIGN_STYLE = Automatic;
				INFOPLIST_FILE = Every.DoUITests/Info.plist;
				LD_RUNPATH_SEARCH_PATHS = "$(inherited) @executable_path/Frameworks @loader_path/Frameworks";
				PRODUCT_BUNDLE_IDENTIFIER = "carlonamoca.Every-DoUITests";
				PRODUCT_NAME = "$(TARGET_NAME)";
				TARGETED_DEVICE_FAMILY = "1,2";
				TEST_TARGET_NAME = Every.Do;
			};
			name = Release;
		};
/* End XCBuildConfiguration section */

/* Begin XCConfigurationList section */
		E60454EC1F96898D00D95136 /* Build configuration list for PBXProject "Every.Do" */ = {
			isa = XCConfigurationList;
			buildConfigurations = (
				E604551E1F96898D00D95136 /* Debug */,
				E604551F1F96898D00D95136 /* Release */,
			);
			defaultConfigurationIsVisible = 0;
			defaultConfigurationName = Release;
		};
		E60455201F96898D00D95136 /* Build configuration list for PBXNativeTarget "Every.Do" */ = {
			isa = XCConfigurationList;
			buildConfigurations = (
				E60455211F96898D00D95136 /* Debug */,
				E60455221F96898D00D95136 /* Release */,
			);
			defaultConfigurationIsVisible = 0;
			defaultConfigurationName = Release;
		};
		E60455231F96898D00D95136 /* Build configuration list for PBXNativeTarget "Every.DoTests" */ = {
			isa = XCConfigurationList;
			buildConfigurations = (
				E60455241F96898D00D95136 /* Debug */,
				E60455251F96898D00D95136 /* Release */,
			);
			defaultConfigurationIsVisible = 0;
			defaultConfigurationName = Release;
		};
		E60455261F96898D00D95136 /* Build configuration list for PBXNativeTarget "Every.DoUITests" */ = {
			isa = XCConfigurationList;
			buildConfigurations = (
				E60455271F96898D00D95136 /* Debug */,
				E60455281F96898D00D95136 /* Release */,
			);
			defaultConfigurationIsVisible = 0;
			defaultConfigurationName = Release;
		};
/* End XCConfigurationList section */
	};
	rootObject = E60454E91F96898D00D95136 /* Project object */;
}
